<?xml version="1.0" encoding="utf-8"?>
<Project ToolsVersion="4.0" xmlns="http://schemas.microsoft.com/developer/msbuild/2003">
  <ItemGroup>
    <Filter Include="Исходные файлы">
      <UniqueIdentifier>{4FC737F1-C7A5-4376-A066-2A32D752A2FF}</UniqueIdentifier>
      <Extensions>cpp;c;cc;cxx;def;odl;idl;hpj;bat;asm;asmx</Extensions>
    </Filter>
    <Filter Include="Файлы заголовков">
      <UniqueIdentifier>{93995380-89BD-4b04-88EB-625FBE52EBFB}</UniqueIdentifier>
      <Extensions>h;hh;hpp;hxx;hm;inl;inc;ipp;xsd</Extensions>
    </Filter>
    <Filter Include="Файлы ресурсов">
      <UniqueIdentifier>{67DA6AB6-F800-4c08-8B7A-83BB121AAD01}</UniqueIdentifier>
      <Extensions>rc;ico;cur;bmp;dlg;rc2;rct;bin;rgs;gif;jpg;jpeg;jpe;resx;tiff;tif;png;wav;mfcribbon-ms</Extensions>
    </Filter>
    <Filter Include="data_library">
      <UniqueIdentifier>{58d3570f-2722-4a80-9cf8-57fc5e76793b}</UniqueIdentifier>
    </Filter>
    <Filter Include="USER">
      <UniqueIdentifier>{fffa826d-041b-4c9d-90f0-10458ce23558}</UniqueIdentifier>
    </Filter>
    <Filter Include="MATERIAL">
      <UniqueIdentifier>{dff0128a-a55a-480c-8571-9f7a01a72907}</UniqueIdentifier>
    </Filter>
  </ItemGroup>
  <ItemGroup>
    <ClCompile Include="LibraryStaff.cpp">
      <Filter>Исходные файлы</Filter>
    </ClCompile>
    <ClCompile Include="user.cpp">
      <Filter>USER</Filter>
    </ClCompile>
    <ClCompile Include="MATERIAL.cpp">
      <Filter>MATERIAL</Filter>
    </ClCompile>
    <ClCompile Include="BOOK.cpp">
      <Filter>MATERIAL</Filter>
    </ClCompile>
    <ClCompile Include="NEWSPAPER.cpp">
      <Filter>MATERIAL</Filter>
    </ClCompile>
    <ClCompile Include="CD.cpp">
      <Filter>MATERIAL</Filter>
    </ClCompile>
    <ClCompile Include="my_functions.cpp">
      <Filter>Исходные файлы</Filter>
    </ClCompile>
    <ClCompile Include="STUFF.cpp">
      <Filter>USER</Filter>
    </ClCompile>
  </ItemGroup>
  <ItemGroup>
    <ClInclude Include="resource.h">
      <Filter>Файлы заголовков</Filter>
    </ClInclude>
    <ClInclude Include="user.h">
      <Filter>USER</Filter>
    </ClInclude>
    <ClInclude Include="MATERIAL.h">
      <Filter>MATERIAL</Filter>
    </ClInclude>
    <ClInclude Include="BOOK.h">
      <Filter>MATERIAL</Filter>
    </ClInclude>
    <ClInclude Include="NEWSPAPER.h">
      <Filter>MATERIAL</Filter>
    </ClInclude>
    <ClInclude Include="CD.h">
      <Filter>MATERIAL</Filter>
    </ClInclude>
    <ClInclude Include="my_functions.h">
      <Filter>Файлы заголовков</Filter>
    </ClInclude>
    <ClInclude Include="STUFF.h">
      <Filter>USER</Filter>
    </ClInclude>
  </ItemGroup>
  <ItemGroup>
    <ResourceCompile Include="LibraryStaff.rc">
      <Filter>Файлы ресурсов</Filter>
    </ResourceCompile>
  </ItemGroup>
  <ItemGroup>
    <None Include="data_library\books">
      <Filter>data_library</Filter>
    </None>
    <None Include="data_library\staff">
      <Filter>data_library</Filter>
    </None>
  </ItemGroup>
  <ItemGroup>
    <Text Include="data_library\book.txt">
      <Filter>data_library</Filter>
    </Text>
    <Text Include="data_library\author.txt">
      <Filter>data_library</Filter>
    </Text>
    <Text Include="data_library\bookinstance.txt">
      <Filter>data_library</Filter>
    </Text>
    <Text Include="data_library\genre.txt">
      <Filter>data_library</Filter>
    </Text>
    <Text Include="data_library\language.txt">
      <Filter>data_library</Filter>
    </Text>
  </ItemGroup>
</Project>